
Microsoft Visual Studio Solution File, Format Version 12.00
# Visual Studio Version 17
VisualStudioVersion = 17.2.32616.157
MinimumVisualStudioVersion = 10.0.40219.1
Project("{FAE04EC0-301F-11D3-BF4B-00C04F79EFBC}") = "expandedArmoryMod", "expandedArmoryMod.csproj", "{53E0FA97-501D-423D-B248-CA3EC84CBA96}"
EndProject
Global
	GlobalSection(SolutionConfigurationPlatforms) = preSolution
		Debug|Any CPU = Debug|Any CPU
		Release|Any CPU = Release|Any CPU
	EndGlobalSection
	GlobalSection(ProjectConfigurationPlatforms) = postSolution
		{53E0FA97-501D-423D-B248-CA3EC84CBA96}.Debug|Any CPU.ActiveCfg = Debug|Any CPU
		{53E0FA97-501D-423D-B248-CA3EC84CBA96}.Debug|Any CPU.Build.0 = Debug|Any CPU
		{53E0FA97-501D-423D-B248-CA3EC84CBA96}.Release|Any CPU.ActiveCfg = Release|Any CPU
		{53E0FA97-501D-423D-B248-CA3EC84CBA96}.Release|Any CPU.Build.0 = Release|Any CPU
	EndGlobalSection
	GlobalSection(SolutionProperties) = preSolution
		HideSolutionNode = FALSE
	EndGlobalSection
	GlobalSection(ExtensibilityGlobals) = postSolution
		SolutionGuid = {2C58B35F-CC93-4A14-9D7D-CAEEB9BB675A}
	EndGlobalSection
EndGlobal
